
Microsoft Visual Studio Solution File, Format Version 12.00
# Visual Studio Version 16
VisualStudioVersion = 16.0.29215.179
MinimumVisualStudioVersion = 10.0.40219.1
Project("{FAE04EC0-301F-11D3-BF4B-00C04F79EFBC}") = "WebApplication3", "WebApplication3\WebApplication3.csproj", "{24B87557-3571-4092-A3B1-EF3F31A2D754}"
EndProject
Global
	GlobalSection(SolutionConfigurationPlatforms) = preSolution
		Debug|Any CPU = Debug|Any CPU
		Release|Any CPU = Release|Any CPU
	EndGlobalSection
	GlobalSection(ProjectConfigurationPlatforms) = postSolution
		{24B87557-3571-4092-A3B1-EF3F31A2D754}.Debug|Any CPU.ActiveCfg = Debug|Any CPU
		{24B87557-3571-4092-A3B1-EF3F31A2D754}.Debug|Any CPU.Build.0 = Debug|Any CPU
		{24B87557-3571-4092-A3B1-EF3F31A2D754}.Release|Any CPU.ActiveCfg = Release|Any CPU
		{24B87557-3571-4092-A3B1-EF3F31A2D754}.Release|Any CPU.Build.0 = Release|Any CPU
	EndGlobalSection
	GlobalSection(SolutionProperties) = preSolution
		HideSolutionNode = FALSE
	EndGlobalSection
	GlobalSection(ExtensibilityGlobals) = postSolution
		SolutionGuid = {077A9B10-8F48-47BC-A716-89765A258C51}
	EndGlobalSection
EndGlobal
